
Microsoft Visual Studio Solution File, Format Version 12.00
# Visual Studio Version 17
VisualStudioVersion = 17.9.34701.34
MinimumVisualStudioVersion = 10.0.40219.1
Project("{FAE04EC0-301F-11D3-BF4B-00C04F79EFBC}") = "NZWalksAPI", "NZWalksAPI\NZWalksAPI.csproj", "{73B4C795-EBD7-4DE1-AF72-9563CECFDBC5}"
EndProject
Global
	GlobalSection(SolutionConfigurationPlatforms) = preSolution
		Debug|Any CPU = Debug|Any CPU
		Release|Any CPU = Release|Any CPU
	EndGlobalSection
	GlobalSection(ProjectConfigurationPlatforms) = postSolution
		{73B4C795-EBD7-4DE1-AF72-9563CECFDBC5}.Debug|Any CPU.ActiveCfg = Debug|Any CPU
		{73B4C795-EBD7-4DE1-AF72-9563CECFDBC5}.Debug|Any CPU.Build.0 = Debug|Any CPU
		{73B4C795-EBD7-4DE1-AF72-9563CECFDBC5}.Release|Any CPU.ActiveCfg = Release|Any CPU
		{73B4C795-EBD7-4DE1-AF72-9563CECFDBC5}.Release|Any CPU.Build.0 = Release|Any CPU
	EndGlobalSection
	GlobalSection(SolutionProperties) = preSolution
		HideSolutionNode = FALSE
	EndGlobalSection
	GlobalSection(ExtensibilityGlobals) = postSolution
		SolutionGuid = {824BF742-ACF8-4370-8B78-7D75E59BD389}
	EndGlobalSection
EndGlobal
